{"1.1.0",
[{<<"aleppo">>,{pkg,<<"inaka_aleppo">>,<<"1.0.0">>},2},
 {<<"elvis">>,{pkg,<<"elvis_core">>,<<"0.3.9">>},0},
 {<<"katana_code">>,{pkg,<<"katana_code">>,<<"0.1.0">>},1},
 {<<"zipper">>,{pkg,<<"zipper">>,<<"1.0.1">>},1}]}.
[
{pkg_hash,[
 {<<"aleppo">>, <<"8DB14CF16BB8C263C14FF4C3F69F64D7C849D40888944F4204D2CA74F1114CEB">>},
 {<<"elvis">>, <<"6B3C18E1E1CC9BC5684282F59A95B6B42898C1A27E0E2F3CFE9B384AF76A7629">>},
 {<<"katana_code">>, <<"C34F3926A258D6BEACD8D21F140F3D47D175501936431C460B144339D5271A0B">>},
 {<<"zipper">>, <<"3CCB4F14B97C06B2749B93D8B6C204A1ECB6FAFC6050CACC3B93B9870C05952A">>}]}
].
